{
  "version": 4,
  "terraform_version": "1.14.4",
  "serial": 10,
  "lineage": "a3e69ab8-6fc5-0760-aead-79dcc7ed795e",
  "outputs": {},
  "resources": [
    {
      "mode": "managed",
      "type": "local_file",
      "name": "hello",
      "provider": "provider[\"registry.terraform.io/hashicorp/local\"]",
      "instances": [
        {
          "schema_version": 0,
          "attributes": {
            "content": "New message: Hi from terraform!",
            "content_base64": null,
            "content_base64sha256": "Prs74vmS9/1pmfNW+n2YY+Wds/m33y8mEn++sWkr2Us=",
            "content_base64sha512": "5vLFtVSOWpMAjjusXYtdYbUOv8t4gnIu51FxUgoShxt5sQUwFBofGIERaWEgruk/zNINijWi0tSE4nDSfppCOQ==",
            "content_md5": "76b72a8e0f0973df43506a4e9a8b0214",
            "content_sha1": "5a78c760f719dfdc793ebe6c038ac66ad4ad060c",
            "content_sha256": "3ebb3be2f992f7fd6999f356fa7d9863e59db3f9b7df2f26127fbeb1692bd94b",
            "content_sha512": "e6f2c5b5548e5a93008e3bac5d8b5d61b50ebfcb7882722ee75171520a12871b79b10530141a1f188111696120aee93fccd20d8a35a2d2d484e270d27e9a4239",
            "directory_permission": "0777",
            "file_permission": "0777",
            "filename": "hello.txt",
            "id": "5a78c760f719dfdc793ebe6c038ac66ad4ad060c",
            "sensitive_content": null,
            "source": null
          },
          "sensitive_attributes": [
            [
              {
                "type": "get_attr",
                "value": "sensitive_content"
              }
            ]
          ],
          "identity_schema_version": 0
        }
      ]
    },
    {
      "mode": "managed",
      "type": "local_file",
      "name": "second",
      "provider": "provider[\"registry.terraform.io/hashicorp/local\"]",
      "instances": [
        {
          "schema_version": 0,
          "attributes": {
            "content": "this is my secondresource",
            "content_base64": null,
            "content_base64sha256": "e7exkjus71U2ECnGDiQ7WJLcUjn4Gnhx7RP8ZmHMrYw=",
            "content_base64sha512": "Q6jsGpa+CUs+M5zUWJ17CrEPmhm0EOxz5+Lu0SM8qcLvDYcPEtTWsv6MSRFvY/A33QsANHBEFfnShFRCxZzdNQ==",
            "content_md5": "ea30ed9e681f01462cc2d684118b3fb9",
            "content_sha1": "fe10073159bdcbaac3f1c94a5674c8b27e49bdb5",
            "content_sha256": "7bb7b1923bacef55361029c60e243b5892dc5239f81a7871ed13fc6661ccad8c",
            "content_sha512": "43a8ec1a96be094b3e339cd4589d7b0ab10f9a19b410ec73e7e2eed1233ca9c2ef0d870f12d4d6b2fe8c49116f63f037dd0b0034704415f9d2845442c59cdd35",
            "directory_permission": "0777",
            "file_permission": "0777",
            "filename": "second.txt",
            "id": "fe10073159bdcbaac3f1c94a5674c8b27e49bdb5",
            "sensitive_content": null,
            "source": null
          },
          "sensitive_attributes": [
            [
              {
                "type": "get_attr",
                "value": "sensitive_content"
              }
            ]
          ],
          "identity_schema_version": 0
        }
      ]
    }
  ],
  "check_results": null
}
